
Microsoft Visual Studio Solution File, Format Version 12.00
# Visual Studio 14
VisualStudioVersion = 14.0.24720.0
MinimumVisualStudioVersion = 10.0.40219.1
Project("{FAE04EC0-301F-11D3-BF4B-00C04F79EFBC}") = "DotOPDS", "DotOPDS\DotOPDS.csproj", "{3848799E-C3FF-4811-8831-4BEBF41EAC6A}"
EndProject
Project("{FAE04EC0-301F-11D3-BF4B-00C04F79EFBC}") = "DotOPDS.Tests", "DotOPDS.Tests\DotOPDS.Tests.csproj", "{DA9E5154-E386-4D17-A6E1-2F6CD7A3A051}"
EndProject
Project("{FAE04EC0-301F-11D3-BF4B-00C04F79EFBC}") = "DotOPDS.Assets", "DotOPDS.Assets\DotOPDS.Assets.csproj", "{DADC4B48-D96A-47D6-A88B-EA764F91C57B}"
EndProject
Project("{2150E333-8FDC-42A3-9474-1A3956D46DE8}") = "external", "external", "{3B9F097A-3DE4-4933-91E2-FFD581B22DEA}"
EndProject
Project("{FAE04EC0-301F-11D3-BF4B-00C04F79EFBC}") = "Nancy.EmbeddedContent", "external\Nancy.EmbeddedContent\Nancy.EmbeddedContent\Nancy.EmbeddedContent.csproj", "{D8EBA39B-63AE-4A66-BD0E-F7F95E572135}"
EndProject
Global
	GlobalSection(SolutionConfigurationPlatforms) = preSolution
		Debug|Any CPU = Debug|Any CPU
		Release|Any CPU = Release|Any CPU
	EndGlobalSection
	GlobalSection(ProjectConfigurationPlatforms) = postSolution
		{3848799E-C3FF-4811-8831-4BEBF41EAC6A}.Debug|Any CPU.ActiveCfg = Debug|Any CPU
		{3848799E-C3FF-4811-8831-4BEBF41EAC6A}.Debug|Any CPU.Build.0 = Debug|Any CPU
		{3848799E-C3FF-4811-8831-4BEBF41EAC6A}.Release|Any CPU.ActiveCfg = Release|Any CPU
		{3848799E-C3FF-4811-8831-4BEBF41EAC6A}.Release|Any CPU.Build.0 = Release|Any CPU
		{DA9E5154-E386-4D17-A6E1-2F6CD7A3A051}.Debug|Any CPU.ActiveCfg = Debug|Any CPU
		{DA9E5154-E386-4D17-A6E1-2F6CD7A3A051}.Debug|Any CPU.Build.0 = Debug|Any CPU
		{DA9E5154-E386-4D17-A6E1-2F6CD7A3A051}.Release|Any CPU.ActiveCfg = Release|Any CPU
		{DA9E5154-E386-4D17-A6E1-2F6CD7A3A051}.Release|Any CPU.Build.0 = Release|Any CPU
		{DADC4B48-D96A-47D6-A88B-EA764F91C57B}.Debug|Any CPU.ActiveCfg = Debug|Any CPU
		{DADC4B48-D96A-47D6-A88B-EA764F91C57B}.Debug|Any CPU.Build.0 = Debug|Any CPU
		{DADC4B48-D96A-47D6-A88B-EA764F91C57B}.Release|Any CPU.ActiveCfg = Release|Any CPU
		{DADC4B48-D96A-47D6-A88B-EA764F91C57B}.Release|Any CPU.Build.0 = Release|Any CPU
		{D8EBA39B-63AE-4A66-BD0E-F7F95E572135}.Debug|Any CPU.ActiveCfg = Debug|Any CPU
		{D8EBA39B-63AE-4A66-BD0E-F7F95E572135}.Debug|Any CPU.Build.0 = Debug|Any CPU
		{D8EBA39B-63AE-4A66-BD0E-F7F95E572135}.Release|Any CPU.ActiveCfg = Release|Any CPU
		{D8EBA39B-63AE-4A66-BD0E-F7F95E572135}.Release|Any CPU.Build.0 = Release|Any CPU
	EndGlobalSection
	GlobalSection(SolutionProperties) = preSolution
		HideSolutionNode = FALSE
	EndGlobalSection
	GlobalSection(NestedProjects) = preSolution
		{D8EBA39B-63AE-4A66-BD0E-F7F95E572135} = {3B9F097A-3DE4-4933-91E2-FFD581B22DEA}
	EndGlobalSection
EndGlobal
